<?xml version="1.0" encoding="utf-8"?>
<Project ToolsVersion="4.0" xmlns="http://schemas.microsoft.com/developer/msbuild/2003">
  <ItemGroup>
    <Filter Include="Source">
      <UniqueIdentifier>{f7825a8d-17b7-41ae-ad3f-f771ae2ee647}</UniqueIdentifier>
    </Filter>
    <Filter Include="Source\Core">
      <UniqueIdentifier>{66eb2816-a673-4659-b035-41521d866467}</UniqueIdentifier>
    </Filter>
    <Filter Include="Source\Model">
      <UniqueIdentifier>{a51b9e83-6d4e-4c61-86a5-d4e199e1dab7}</UniqueIdentifier>
    </Filter>
  </ItemGroup>
  <ItemGroup>
    <ClCompile Include="Source\_main_.cpp">
      <Filter>Source</Filter>
    </ClCompile>
    <ClCompile Include="Source\Core\Matrix.cpp">
      <Filter>Source\Core</Filter>
    </ClCompile>
    <ClCompile Include="Source\Model\Detail.cpp">
      <Filter>Source\Model</Filter>
    </ClCompile>
    <ClCompile Include="Source\Model\SnDetail.cpp">
      <Filter>Source\Model</Filter>
    </ClCompile>
    <ClCompile Include="Source\Model\Project.cpp">
      <Filter>Source\Model</Filter>
    </ClCompile>
  </ItemGroup>
  <ItemGroup>
    <None Include=".gitignore" />
    <None Include=".gitattributes" />
  </ItemGroup>
  <ItemGroup>
    <ClInclude Include="Source\Core\Matrix.hpp">
      <Filter>Source\Core</Filter>
    </ClInclude>
    <ClInclude Include="Source\Core.hpp">
      <Filter>Source</Filter>
    </ClInclude>
    <ClInclude Include="Source\Model.hpp">
      <Filter>Source</Filter>
    </ClInclude>
  </ItemGroup>
  <ItemGroup>
    <QtMoc Include="Source\Model\Detail.hpp">
      <Filter>Source\Model</Filter>
    </QtMoc>
    <QtMoc Include="Source\Model\SnDetail.hpp">
      <Filter>Source\Model</Filter>
    </QtMoc>
    <QtMoc Include="Source\Model\Project.hpp">
      <Filter>Source\Model</Filter>
    </QtMoc>
  </ItemGroup>
</Project>