<?xml version="1.0" encoding="utf-8"?>
<Project ToolsVersion="4.0" xmlns="http://schemas.microsoft.com/developer/msbuild/2003">
  <ItemGroup>
    <Filter Include="Source">
      <UniqueIdentifier>{f7825a8d-17b7-41ae-ad3f-f771ae2ee647}</UniqueIdentifier>
    </Filter>
    <Filter Include="Source\Core">
      <UniqueIdentifier>{66eb2816-a673-4659-b035-41521d866467}</UniqueIdentifier>
    </Filter>
    <Filter Include="Source\Model">
      <UniqueIdentifier>{a51b9e83-6d4e-4c61-86a5-d4e199e1dab7}</UniqueIdentifier>
    </Filter>
    <Filter Include="Source\Gui">
      <UniqueIdentifier>{c2f60665-9d94-4343-b673-20bb42bb442a}</UniqueIdentifier>
    </Filter>
    <Filter Include="Resource">
      <UniqueIdentifier>{1fc43a55-bca6-49c9-b138-102058e749d4}</UniqueIdentifier>
    </Filter>
    <Filter Include="Resource\Graphics">
      <UniqueIdentifier>{1e9d5322-742e-40f1-9209-74d0f839ca9d}</UniqueIdentifier>
    </Filter>
    <Filter Include="Resource\StyleSheets">
      <UniqueIdentifier>{ffb70fcd-9f3c-4902-a5f3-31592e0596d8}</UniqueIdentifier>
    </Filter>
  </ItemGroup>
  <ItemGroup>
    <ClCompile Include="Source\Core\Matrix.cpp">
      <Filter>Source\Core</Filter>
    </ClCompile>
    <ClCompile Include="Source\Model\Detail.cpp">
      <Filter>Source\Model</Filter>
    </ClCompile>
    <ClCompile Include="Source\Model\SnDetail.cpp">
      <Filter>Source\Model</Filter>
    </ClCompile>
    <ClCompile Include="Source\Model\Project.cpp">
      <Filter>Source\Model</Filter>
    </ClCompile>
    <ClCompile Include="Source\Gui\EditTableDialog.cpp">
      <Filter>Source\Gui</Filter>
    </ClCompile>
    <ClCompile Include="Source\Gui\HomeTab.cpp">
      <Filter>Source\Gui</Filter>
    </ClCompile>
    <ClCompile Include="Source\Gui\SnCurveTab.cpp">
      <Filter>Source\Gui</Filter>
    </ClCompile>
    <ClCompile Include="Source\Gui\MainWindow.cpp">
      <Filter>Source\Gui</Filter>
    </ClCompile>
    <ClCompile Include="Source\_main_.cpp">
      <Filter>Source</Filter>
    </ClCompile>
    <ClCompile Include="Source\Gui\HistoryTab.cpp">
      <Filter>Source\Gui</Filter>
    </ClCompile>
    <ClCompile Include="Source\Core\Utility.cpp">
      <Filter>Source\Core</Filter>
    </ClCompile>
    <ClCompile Include="Source\Gui\RainflowTab.cpp">
      <Filter>Source\Gui</Filter>
    </ClCompile>
    <ClCompile Include="Source\Gui\DamageTab.cpp">
      <Filter>Source\Gui</Filter>
    </ClCompile>
    <ClCompile Include="Source\Model\LefmDetail.cpp">
      <Filter>Source\Model</Filter>
    </ClCompile>
  </ItemGroup>
  <ItemGroup>
    <None Include=".gitignore" />
    <None Include=".gitattributes" />
    <None Include="Resource\StyleSheets\NavBar.qss">
      <Filter>Resource\StyleSheets</Filter>
    </None>
    <None Include="Resource\Graphics\Home.svg">
      <Filter>Resource\Graphics</Filter>
    </None>
    <None Include="Resource\Graphics\SnApproach.svg">
      <Filter>Resource\Graphics</Filter>
    </None>
    <None Include="Resource\Graphics\Info.svg">
      <Filter>Resource\Graphics</Filter>
    </None>
    <None Include="Resource\Graphics\PasteTable.svg">
      <Filter>Resource\Graphics</Filter>
    </None>
    <None Include="Resource\Graphics\ClearTable.svg">
      <Filter>Resource\Graphics</Filter>
    </None>
    <None Include="Resource\Graphics\Calculator.svg">
      <Filter>Resource\Graphics</Filter>
    </None>
    <None Include="Resource\Graphics\Edit.svg">
      <Filter>Resource\Graphics</Filter>
    </None>
    <None Include="Resource\Graphics\Remove.svg">
      <Filter>Resource\Graphics</Filter>
    </None>
    <None Include="Resource\Graphics\Add.svg">
      <Filter>Resource\Graphics</Filter>
    </None>
    <None Include="Resource\Graphics\Cancel.svg">
      <Filter>Resource\Graphics</Filter>
    </None>
    <None Include="Resource\Graphics\Ok.svg">
      <Filter>Resource\Graphics</Filter>
    </None>
    <None Include="Resource\Graphics\LefmApproach.svg">
      <Filter>Resource\Graphics</Filter>
    </None>
  </ItemGroup>
  <ItemGroup>
    <ClInclude Include="Source\Core\Matrix.hpp">
      <Filter>Source\Core</Filter>
    </ClInclude>
    <ClInclude Include="Source\Core.hpp">
      <Filter>Source</Filter>
    </ClInclude>
    <ClInclude Include="Source\Model.hpp">
      <Filter>Source</Filter>
    </ClInclude>
    <ClInclude Include="Source\Gui.hpp">
      <Filter>Source</Filter>
    </ClInclude>
    <ClInclude Include="Source\Core\Utility.hpp">
      <Filter>Source\Core</Filter>
    </ClInclude>
  </ItemGroup>
  <ItemGroup>
    <QtMoc Include="Source\Model\Detail.hpp">
      <Filter>Source\Model</Filter>
    </QtMoc>
    <QtMoc Include="Source\Model\SnDetail.hpp">
      <Filter>Source\Model</Filter>
    </QtMoc>
    <QtMoc Include="Source\Model\Project.hpp">
      <Filter>Source\Model</Filter>
    </QtMoc>
    <QtMoc Include="Source\Gui\EditTableDialog.hpp">
      <Filter>Source\Gui</Filter>
    </QtMoc>
    <QtMoc Include="Source\Gui\HomeTab.hpp">
      <Filter>Source\Gui</Filter>
    </QtMoc>
    <QtMoc Include="Source\Gui\SnCurveTab.hpp">
      <Filter>Source\Gui</Filter>
    </QtMoc>
    <QtMoc Include="Source\Gui\MainWindow.hpp">
      <Filter>Source\Gui</Filter>
    </QtMoc>
    <QtMoc Include="Source\Gui\HistoryTab.hpp">
      <Filter>Source\Gui</Filter>
    </QtMoc>
    <QtMoc Include="Source\Gui\RainflowTab.hpp">
      <Filter>Source\Gui</Filter>
    </QtMoc>
    <QtMoc Include="Source\Gui\DamageTab.hpp">
      <Filter>Source\Gui</Filter>
    </QtMoc>
    <QtMoc Include="Source\Model\LefmDetail.hpp">
      <Filter>Source\Model</Filter>
    </QtMoc>
  </ItemGroup>
  <ItemGroup>
    <QtRcc Include="Resource\Resource.qrc">
      <Filter>Resource</Filter>
    </QtRcc>
  </ItemGroup>
</Project>